{
    "_readme": [
        "This file locks the dependencies of your project to a known state",
        "Read more about it at https://getcomposer.org/doc/01-basic-usage.md#installing-dependencies",
        "This file is @generated automatically"
    ],
    "content-hash": "8968d975ae4bda302ba1adbb3b90eed0",
    "packages": [
        {
            "name": "composer/installers",
            "version": "v1.5.0",
            "source": {
                "type": "git",
                "url": "https://github.com/composer/installers.git",
                "reference": "049797d727261bf27f2690430d935067710049c2"
            },
            "dist": {
                "type": "zip",
                "url": "https://api.github.com/repos/composer/installers/zipball/049797d727261bf27f2690430d935067710049c2",
                "reference": "049797d727261bf27f2690430d935067710049c2",
                "shasum": ""
            },
            "require": {
                "composer-plugin-api": "^1.0"
            },
            "replace": {
                "roundcube/plugin-installer": "*",
                "shama/baton": "*"
            },
            "require-dev": {
                "composer/composer": "1.0.*@dev",
                "phpunit/phpunit": "^4.8.36"
            },
            "type": "composer-plugin",
            "extra": {
                "class": "Composer\\Installers\\Plugin",
                "branch-alias": {
                    "dev-master": "1.0-dev"
                }
            },
            "autoload": {
                "psr-4": {
                    "Composer\\Installers\\": "src/Composer/Installers"
                }
            },
            "notification-url": "https://packagist.org/downloads/",
            "license": [
                "MIT"
            ],
            "authors": [
                {
                    "name": "Kyle Robinson Young",
                    "email": "kyle@dontkry.com",
                    "homepage": "https://github.com/shama"
                }
            ],
            "description": "A multi-framework Composer library installer",
            "homepage": "https://composer.github.io/installers/",
            "keywords": [
                "Craft",
                "Dolibarr",
                "Eliasis",
                "Hurad",
                "ImageCMS",
                "Kanboard",
                "Lan Management System",
                "MODX Evo",
                "Mautic",
                "Maya",
                "OXID",
                "Plentymarkets",
                "Porto",
                "RadPHP",
                "SMF",
                "Thelia",
                "WolfCMS",
                "agl",
                "aimeos",
                "annotatecms",
                "attogram",
                "bitrix",
                "cakephp",
                "chef",
                "cockpit",
                "codeigniter",
                "concrete5",
                "croogo",
                "dokuwiki",
                "drupal",
                "eZ Platform",
                "elgg",
                "expressionengine",
                "fuelphp",
                "grav",
                "installer",
                "itop",
                "joomla",
                "kohana",
                "laravel",
                "lavalite",
                "lithium",
                "magento",
                "majima",
                "mako",
                "mediawiki",
                "modulework",
                "modx",
                "moodle",
                "osclass",
                "phpbb",
                "piwik",
                "ppi",
                "puppet",
                "pxcms",
                "reindex",
                "roundcube",
                "shopware",
                "silverstripe",
                "sydes",
                "symfony",
                "typo3",
                "wordpress",
                "yawik",
                "zend",
                "zikula"
            ],
            "time": "2017-12-29T09:13:20+00:00"
        },
        {
            "name": "fancyguy/webroot-installer",
            "version": "1.1.0",
            "source": {
                "type": "git",
                "url": "https://github.com/fancyguy/webroot-installer.git",
                "reference": "a2d5c2e149d837e5580a62a91d3c91577aa30d28"
            },
            "dist": {
                "type": "zip",
                "url": "https://api.github.com/repos/fancyguy/webroot-installer/zipball/a2d5c2e149d837e5580a62a91d3c91577aa30d28",
                "reference": "a2d5c2e149d837e5580a62a91d3c91577aa30d28",
                "shasum": ""
            },
            "require-dev": {
                "composer/composer": "1.0.*@dev",
                "phpunit/phpunit": "3.7.*"
            },
            "type": "composer-installer",
            "extra": {
                "class": "FancyGuy\\Composer\\WebrootInstaller"
            },
            "autoload": {
                "psr-0": {
                    "FancyGuy\\Composer\\": "src/"
                }
            },
            "notification-url": "https://packagist.org/downloads/",
            "license": [
                "BSD-3-Clause"
            ],
            "authors": [
                {
                    "name": "Steve Buzonas",
                    "email": "steve@fancyguy.com",
                    "homepage": "http://www.stevebuzonas.com"
                }
            ],
            "description": "A composer installer for libraries that live in an application webroot.",
            "homepage": "http://fancyguy.github.com/webroot-installer/",
            "time": "2013-03-15T17:51:14+00:00"
        },
        {
            "name": "forumone/wp-cfm",
            "version": "dev-wp-org-update",
            "dist": {
                "type": "zip",
                "url": "https://github.com/forumone/wp-cfm/archive/wp-org-update.zip",
                "reference": null,
                "shasum": null
            },
            "type": "wordpress-plugin"
        },
        {
            "name": "wordpress",
            "version": "4.9.6",
            "dist": {
                "type": "zip",
                "url": "https://github.com/WordPress/WordPress/archive/4.9.6.zip",
                "reference": null,
                "shasum": null
            },
            "require": {
                "fancyguy/webroot-installer": "1.1.0"
            },
            "type": "webroot"
        },
        {
            "name": "wp-api/basic-auth",
            "version": "master",
            "dist": {
                "type": "zip",
                "url": "https://github.com/WP-API/Basic-Auth/archive/master.zip",
                "reference": null,
                "shasum": null
            },
            "require": {
                "composer/installers": "^1.0"
            },
            "type": "wordpress-plugin"
        },
        {
            "name": "wpackagist-plugin/acf-to-rest-api",
            "version": "3.1.0",
            "source": {
                "type": "svn",
                "url": "https://plugins.svn.wordpress.org/acf-to-rest-api/",
                "reference": "tags/3.1.0"
            },
            "dist": {
                "type": "zip",
                "url": "https://downloads.wordpress.org/plugin/acf-to-rest-api.3.1.0.zip",
                "reference": null,
                "shasum": null
            },
            "require": {
                "composer/installers": "~1.0"
            },
            "type": "wordpress-plugin",
            "homepage": "https://wordpress.org/plugins/acf-to-rest-api/"
        },
        {
            "name": "wpackagist-plugin/advanced-custom-fields",
            "version": "5.6.10",
            "source": {
                "type": "svn",
                "url": "https://plugins.svn.wordpress.org/advanced-custom-fields/",
                "reference": "tags/5.6.10"
            },
            "dist": {
                "type": "zip",
                "url": "https://downloads.wordpress.org/plugin/advanced-custom-fields.5.6.10.zip",
                "reference": null,
                "shasum": null
            },
            "require": {
                "composer/installers": "~1.0"
            },
            "type": "wordpress-plugin",
            "homepage": "https://wordpress.org/plugins/advanced-custom-fields/"
        },
        {
            "name": "wpackagist-plugin/akismet",
            "version": "4.0.8",
            "source": {
                "type": "svn",
                "url": "https://plugins.svn.wordpress.org/akismet/",
                "reference": "tags/4.0.8"
            },
            "dist": {
                "type": "zip",
                "url": "https://downloads.wordpress.org/plugin/akismet.4.0.8.zip",
                "reference": null,
                "shasum": null
            },
            "require": {
                "composer/installers": "~1.0"
            },
            "type": "wordpress-plugin",
            "homepage": "https://wordpress.org/plugins/akismet/"
        },
        {
            "name": "wpackagist-plugin/custom-post-type-ui",
            "version": "1.5.8",
            "source": {
                "type": "svn",
                "url": "https://plugins.svn.wordpress.org/custom-post-type-ui/",
                "reference": "tags/1.5.8"
            },
            "dist": {
                "type": "zip",
                "url": "https://downloads.wordpress.org/plugin/custom-post-type-ui.1.5.8.zip",
                "reference": null,
                "shasum": null
            },
            "require": {
                "composer/installers": "~1.0"
            },
            "type": "wordpress-plugin",
            "homepage": "https://wordpress.org/plugins/custom-post-type-ui/"
        },
        {
            "name": "wpackagist-plugin/elasticpress",
            "version": "2.5.2",
            "source": {
                "type": "svn",
                "url": "https://plugins.svn.wordpress.org/elasticpress/",
                "reference": "tags/2.5.2"
            },
            "dist": {
                "type": "zip",
                "url": "https://downloads.wordpress.org/plugin/elasticpress.2.5.2.zip",
                "reference": null,
                "shasum": null
            },
            "require": {
                "composer/installers": "~1.0"
            },
            "type": "wordpress-plugin",
            "homepage": "https://wordpress.org/plugins/elasticpress/"
        },
        {
            "name": "wpackagist-plugin/wp-mail-smtp",
            "version": "1.2.5",
            "source": {
                "type": "svn",
                "url": "https://plugins.svn.wordpress.org/wp-mail-smtp/",
                "reference": "tags/1.2.5"
            },
            "dist": {
                "type": "zip",
                "url": "https://downloads.wordpress.org/plugin/wp-mail-smtp.1.2.5.zip",
                "reference": null,
                "shasum": null
            },
            "require": {
                "composer/installers": "~1.0"
            },
            "type": "wordpress-plugin",
            "homepage": "https://wordpress.org/plugins/wp-mail-smtp/"
        },
        {
            "name": "wpackagist-theme/twentyseventeen",
            "version": "1.3",
            "source": {
                "type": "svn",
                "url": "https://themes.svn.wordpress.org/twentyseventeen/",
                "reference": "1.3"
            },
            "dist": {
                "type": "zip",
                "url": "https://downloads.wordpress.org/theme/twentyseventeen.1.3.zip",
                "reference": null,
                "shasum": null
            },
            "require": {
                "composer/installers": "~1.0"
            },
            "type": "wordpress-theme",
            "homepage": "https://wordpress.org/themes/twentyseventeen/"
        }
    ],
    "packages-dev": [],
    "aliases": [],
    "minimum-stability": "stable",
    "stability-flags": {
        "forumone/wp-cfm": 20,
        "wp-api/basic-auth": 20
    },
    "prefer-stable": false,
    "prefer-lowest": false,
    "platform": {
        "php": ">7.2"
    },
    "platform-dev": []
}
